
Microsoft Visual Studio Solution File, Format Version 12.00
# Visual Studio Version 17
VisualStudioVersion = 17.3.32825.248
MinimumVisualStudioVersion = 10.0.40219.1
Project("{FAE04EC0-301F-11D3-BF4B-00C04F79EFBC}") = "Topic 1 Monogame", "Topic 1 Monogame\Topic 1 Monogame.csproj", "{565B88BC-54B6-4F1F-AC99-9422B3F99A0F}"
EndProject
Global
	GlobalSection(SolutionConfigurationPlatforms) = preSolution
		Debug|Any CPU = Debug|Any CPU
		Release|Any CPU = Release|Any CPU
	EndGlobalSection
	GlobalSection(ProjectConfigurationPlatforms) = postSolution
		{565B88BC-54B6-4F1F-AC99-9422B3F99A0F}.Debug|Any CPU.ActiveCfg = Debug|Any CPU
		{565B88BC-54B6-4F1F-AC99-9422B3F99A0F}.Debug|Any CPU.Build.0 = Debug|Any CPU
		{565B88BC-54B6-4F1F-AC99-9422B3F99A0F}.Release|Any CPU.ActiveCfg = Release|Any CPU
		{565B88BC-54B6-4F1F-AC99-9422B3F99A0F}.Release|Any CPU.Build.0 = Release|Any CPU
	EndGlobalSection
	GlobalSection(SolutionProperties) = preSolution
		HideSolutionNode = FALSE
	EndGlobalSection
	GlobalSection(ExtensibilityGlobals) = postSolution
		SolutionGuid = {6DC0ACD2-3DF2-450D-AB43-391441CAACCA}
	EndGlobalSection
EndGlobal
